
Microsoft Visual Studio Solution File, Format Version 12.00
# Visual Studio 2013
VisualStudioVersion = 12.0.21005.1
MinimumVisualStudioVersion = 10.0.40219.1
Project("{F184B08F-C81C-45F6-A57F-5ABD9991F28F}") = "App3", "App3\App3.vbproj", "{2B5264B5-1D8E-4162-B5C5-EFDF2453B511}"
EndProject
Global
	GlobalSection(SolutionConfigurationPlatforms) = preSolution
		Debug|Any CPU = Debug|Any CPU
		Debug|ARM = Debug|ARM
		Debug|x64 = Debug|x64
		Debug|x86 = Debug|x86
		Release|Any CPU = Release|Any CPU
		Release|ARM = Release|ARM
		Release|x64 = Release|x64
		Release|x86 = Release|x86
	EndGlobalSection
	GlobalSection(ProjectConfigurationPlatforms) = postSolution
		{2B5264B5-1D8E-4162-B5C5-EFDF2453B511}.Debug|Any CPU.ActiveCfg = Debug|Any CPU
		{2B5264B5-1D8E-4162-B5C5-EFDF2453B511}.Debug|Any CPU.Build.0 = Debug|Any CPU
		{2B5264B5-1D8E-4162-B5C5-EFDF2453B511}.Debug|Any CPU.Deploy.0 = Debug|Any CPU
		{2B5264B5-1D8E-4162-B5C5-EFDF2453B511}.Debug|ARM.ActiveCfg = Debug|ARM
		{2B5264B5-1D8E-4162-B5C5-EFDF2453B511}.Debug|ARM.Build.0 = Debug|ARM
		{2B5264B5-1D8E-4162-B5C5-EFDF2453B511}.Debug|ARM.Deploy.0 = Debug|ARM
		{2B5264B5-1D8E-4162-B5C5-EFDF2453B511}.Debug|x64.ActiveCfg = Debug|x64
		{2B5264B5-1D8E-4162-B5C5-EFDF2453B511}.Debug|x64.Build.0 = Debug|x64
		{2B5264B5-1D8E-4162-B5C5-EFDF2453B511}.Debug|x64.Deploy.0 = Debug|x64
		{2B5264B5-1D8E-4162-B5C5-EFDF2453B511}.Debug|x86.ActiveCfg = Debug|x86
		{2B5264B5-1D8E-4162-B5C5-EFDF2453B511}.Debug|x86.Build.0 = Debug|x86
		{2B5264B5-1D8E-4162-B5C5-EFDF2453B511}.Debug|x86.Deploy.0 = Debug|x86
		{2B5264B5-1D8E-4162-B5C5-EFDF2453B511}.Release|Any CPU.ActiveCfg = Release|Any CPU
		{2B5264B5-1D8E-4162-B5C5-EFDF2453B511}.Release|Any CPU.Build.0 = Release|Any CPU
		{2B5264B5-1D8E-4162-B5C5-EFDF2453B511}.Release|Any CPU.Deploy.0 = Release|Any CPU
		{2B5264B5-1D8E-4162-B5C5-EFDF2453B511}.Release|ARM.ActiveCfg = Release|ARM
		{2B5264B5-1D8E-4162-B5C5-EFDF2453B511}.Release|ARM.Build.0 = Release|ARM
		{2B5264B5-1D8E-4162-B5C5-EFDF2453B511}.Release|ARM.Deploy.0 = Release|ARM
		{2B5264B5-1D8E-4162-B5C5-EFDF2453B511}.Release|x64.ActiveCfg = Release|x64
		{2B5264B5-1D8E-4162-B5C5-EFDF2453B511}.Release|x64.Build.0 = Release|x64
		{2B5264B5-1D8E-4162-B5C5-EFDF2453B511}.Release|x64.Deploy.0 = Release|x64
		{2B5264B5-1D8E-4162-B5C5-EFDF2453B511}.Release|x86.ActiveCfg = Release|x86
		{2B5264B5-1D8E-4162-B5C5-EFDF2453B511}.Release|x86.Build.0 = Release|x86
		{2B5264B5-1D8E-4162-B5C5-EFDF2453B511}.Release|x86.Deploy.0 = Release|x86
	EndGlobalSection
	GlobalSection(SolutionProperties) = preSolution
		HideSolutionNode = FALSE
	EndGlobalSection
EndGlobal
